
Microsoft Visual Studio Solution File, Format Version 12.00
# Visual Studio Version 16
VisualStudioVersion = 16.0.28729.10
MinimumVisualStudioVersion = 10.0.40219.1
Project("{FAE04EC0-301F-11D3-BF4B-00C04F79EFBC}") = "UnitTest", "UnitTest\UnitTest.csproj", "{258A618D-5049-4CC3-959D-2641D0962C71}"
EndProject
Project("{9A19103F-16F7-4668-BE54-9A1E7A4F7556}") = "Shouldly", "..\..\shouldly\src\Shouldly\Shouldly.csproj", "{F428C4E1-8C61-40B0-AB66-693080F434A6}"
EndProject
Project("{9A19103F-16F7-4668-BE54-9A1E7A4F7556}") = "Moq", "..\..\moq4\src\Moq\Moq.csproj", "{A7F0AE54-F721-4F83-8B2B-804E3A087237}"
EndProject
Project("{FAE04EC0-301F-11D3-BF4B-00C04F79EFBC}") = "DataLayer", "DataLayer\DataLayer.csproj", "{17AA01EE-C197-40BD-8EA1-37DB9A340442}"
EndProject
Global
	GlobalSection(SolutionConfigurationPlatforms) = preSolution
		Debug|Any CPU = Debug|Any CPU
		Release|Any CPU = Release|Any CPU
	EndGlobalSection
	GlobalSection(ProjectConfigurationPlatforms) = postSolution
		{258A618D-5049-4CC3-959D-2641D0962C71}.Debug|Any CPU.ActiveCfg = Debug|Any CPU
		{258A618D-5049-4CC3-959D-2641D0962C71}.Debug|Any CPU.Build.0 = Debug|Any CPU
		{258A618D-5049-4CC3-959D-2641D0962C71}.Release|Any CPU.ActiveCfg = Release|Any CPU
		{258A618D-5049-4CC3-959D-2641D0962C71}.Release|Any CPU.Build.0 = Release|Any CPU
		{F428C4E1-8C61-40B0-AB66-693080F434A6}.Debug|Any CPU.ActiveCfg = Debug|Any CPU
		{F428C4E1-8C61-40B0-AB66-693080F434A6}.Debug|Any CPU.Build.0 = Debug|Any CPU
		{F428C4E1-8C61-40B0-AB66-693080F434A6}.Release|Any CPU.ActiveCfg = Release|Any CPU
		{F428C4E1-8C61-40B0-AB66-693080F434A6}.Release|Any CPU.Build.0 = Release|Any CPU
		{A7F0AE54-F721-4F83-8B2B-804E3A087237}.Debug|Any CPU.ActiveCfg = Debug|Any CPU
		{A7F0AE54-F721-4F83-8B2B-804E3A087237}.Debug|Any CPU.Build.0 = Debug|Any CPU
		{A7F0AE54-F721-4F83-8B2B-804E3A087237}.Release|Any CPU.ActiveCfg = Release|Any CPU
		{A7F0AE54-F721-4F83-8B2B-804E3A087237}.Release|Any CPU.Build.0 = Release|Any CPU
		{17AA01EE-C197-40BD-8EA1-37DB9A340442}.Debug|Any CPU.ActiveCfg = Debug|Any CPU
		{17AA01EE-C197-40BD-8EA1-37DB9A340442}.Debug|Any CPU.Build.0 = Debug|Any CPU
		{17AA01EE-C197-40BD-8EA1-37DB9A340442}.Release|Any CPU.ActiveCfg = Release|Any CPU
		{17AA01EE-C197-40BD-8EA1-37DB9A340442}.Release|Any CPU.Build.0 = Release|Any CPU
	EndGlobalSection
	GlobalSection(SolutionProperties) = preSolution
		HideSolutionNode = FALSE
	EndGlobalSection
	GlobalSection(ExtensibilityGlobals) = postSolution
		SolutionGuid = {7F1AC9A7-F72D-4EA3-A3E1-9F57959A64D9}
	EndGlobalSection
EndGlobal
